
Microsoft Visual Studio Solution File, Format Version 12.00
# Visual Studio 2013
VisualStudioVersion = 12.0.31101.0
MinimumVisualStudioVersion = 10.0.40219.1
Project("{8BC9CEB8-8B4A-11D0-8D11-00A0C91BC942}") = "lab 4.1", "lab 4.1\lab 4.1.vcxproj", "{2CC1382B-F39E-4154-93E9-CD0D6F81E801}"
EndProject
Project("{8BC9CEB8-8B4A-11D0-8D11-00A0C91BC942}") = "Tests", "Tests\Tests.vcxproj", "{7D02854B-AF57-4C07-B5A0-6DC097F8CF13}"
EndProject
Global
	GlobalSection(SolutionConfigurationPlatforms) = preSolution
		Debug|Win32 = Debug|Win32
		Release|Win32 = Release|Win32
	EndGlobalSection
	GlobalSection(ProjectConfigurationPlatforms) = postSolution
		{2CC1382B-F39E-4154-93E9-CD0D6F81E801}.Debug|Win32.ActiveCfg = Debug|Win32
		{2CC1382B-F39E-4154-93E9-CD0D6F81E801}.Debug|Win32.Build.0 = Debug|Win32
		{2CC1382B-F39E-4154-93E9-CD0D6F81E801}.Release|Win32.ActiveCfg = Release|Win32
		{2CC1382B-F39E-4154-93E9-CD0D6F81E801}.Release|Win32.Build.0 = Release|Win32
		{7D02854B-AF57-4C07-B5A0-6DC097F8CF13}.Debug|Win32.ActiveCfg = Debug|Win32
		{7D02854B-AF57-4C07-B5A0-6DC097F8CF13}.Debug|Win32.Build.0 = Debug|Win32
		{7D02854B-AF57-4C07-B5A0-6DC097F8CF13}.Release|Win32.ActiveCfg = Release|Win32
		{7D02854B-AF57-4C07-B5A0-6DC097F8CF13}.Release|Win32.Build.0 = Release|Win32
	EndGlobalSection
	GlobalSection(SolutionProperties) = preSolution
		HideSolutionNode = FALSE
	EndGlobalSection
EndGlobal
